
Microsoft Visual Studio Solution File, Format Version 12.00
# Visual Studio Version 17
VisualStudioVersion = 17.13.35828.75 d17.13
MinimumVisualStudioVersion = 10.0.40219.1
Project("{FAE04EC0-301F-11D3-BF4B-00C04F79EFBC}") = "OrderManageSystem", "OrderManageSystem\OrderManageSystem.csproj", "{BF3BFC6C-6BB0-4724-901A-4F0DCE2E1468}"
EndProject
Global
	GlobalSection(SolutionConfigurationPlatforms) = preSolution
		Debug|Any CPU = Debug|Any CPU
		Release|Any CPU = Release|Any CPU
	EndGlobalSection
	GlobalSection(ProjectConfigurationPlatforms) = postSolution
		{BF3BFC6C-6BB0-4724-901A-4F0DCE2E1468}.Debug|Any CPU.ActiveCfg = Debug|Any CPU
		{BF3BFC6C-6BB0-4724-901A-4F0DCE2E1468}.Debug|Any CPU.Build.0 = Debug|Any CPU
		{BF3BFC6C-6BB0-4724-901A-4F0DCE2E1468}.Release|Any CPU.ActiveCfg = Release|Any CPU
		{BF3BFC6C-6BB0-4724-901A-4F0DCE2E1468}.Release|Any CPU.Build.0 = Release|Any CPU
	EndGlobalSection
	GlobalSection(SolutionProperties) = preSolution
		HideSolutionNode = FALSE
	EndGlobalSection
	GlobalSection(ExtensibilityGlobals) = postSolution
		SolutionGuid = {2CE33C77-48F4-4FAE-ADC3-DFC810B9F0D1}
	EndGlobalSection
EndGlobal
