
Microsoft Visual Studio Solution File, Format Version 12.00
# Visual Studio Version 17
VisualStudioVersion = 17.13.35806.99 d17.13
MinimumVisualStudioVersion = 10.0.40219.1
Project("{FAE04EC0-301F-11D3-BF4B-00C04F79EFBC}") = "2_1", "2_1.csproj", "{2C7E0FFE-4879-4161-A7BD-AF46F9B8EBFE}"
EndProject
Global
	GlobalSection(SolutionConfigurationPlatforms) = preSolution
		Debug|Any CPU = Debug|Any CPU
		Release|Any CPU = Release|Any CPU
	EndGlobalSection
	GlobalSection(ProjectConfigurationPlatforms) = postSolution
		{2C7E0FFE-4879-4161-A7BD-AF46F9B8EBFE}.Debug|Any CPU.ActiveCfg = Debug|Any CPU
		{2C7E0FFE-4879-4161-A7BD-AF46F9B8EBFE}.Debug|Any CPU.Build.0 = Debug|Any CPU
		{2C7E0FFE-4879-4161-A7BD-AF46F9B8EBFE}.Release|Any CPU.ActiveCfg = Release|Any CPU
		{2C7E0FFE-4879-4161-A7BD-AF46F9B8EBFE}.Release|Any CPU.Build.0 = Release|Any CPU
	EndGlobalSection
	GlobalSection(SolutionProperties) = preSolution
		HideSolutionNode = FALSE
	EndGlobalSection
	GlobalSection(ExtensibilityGlobals) = postSolution
		SolutionGuid = {ABE3FC6C-68C3-4996-86E3-F80CD4883A58}
	EndGlobalSection
EndGlobal
